// !$*UTF8*$!
{
	archiveVersion = 1;
	classes = {
	};
	objectVersion = 48;
	objects = {

/* Begin PBXBuildFile section */
		A70412F41FD2509700FBE04B /* AppDelegate.swift in Sources */ = {isa = PBXBuildFile; fileRef = A70412F31FD2509700FBE04B /* AppDelegate.swift */; };
		A70412F61FD2509700FBE04B /* ViewController.swift in Sources */ = {isa = PBXBuildFile; fileRef = A70412F51FD2509700FBE04B /* ViewController.swift */; };
		A70412F91FD2509700FBE04B /* Main.storyboard in Resources */ = {isa = PBXBuildFile; fileRef = A70412F71FD2509700FBE04B /* Main.storyboard */; };
		A70412FB1FD2509700FBE04B /* Assets.xcassets in Resources */ = {isa = PBXBuildFile; fileRef = A70412FA1FD2509700FBE04B /* Assets.xcassets */; };
		A70412FE1FD2509700FBE04B /* LaunchScreen.storyboard in Resources */ = {isa = PBXBuildFile; fileRef = A70412FC1FD2509700FBE04B /* LaunchScreen.storyboard */; };
		A70413061FD27ECB00FBE04B /* ServerViewController.swift in Sources */ = {isa = PBXBuildFile; fileRef = A70413051FD27ECB00FBE04B /* ServerViewController.swift */; };
		A70413081FD27ED300FBE04B /* ClientViewController.swift in Sources */ = {isa = PBXBuildFile; fileRef = A70413071FD27ED300FBE04B /* ClientViewController.swift */; };
		ABD95D4E1AC3A432AFA23464 /* Pods_WS.framework in Frameworks */ = {isa = PBXBuildFile; fileRef = A59A2527D808233E52935689 /* Pods_WS.framework */; };
/* End PBXBuildFile section */

/* Begin PBXFileReference section */
		12072D011F7E3F7D176A186D /* Pods-WS.debug.xcconfig */ = {isa = PBXFileReference; includeInIndex = 1; lastKnownFileType = text.xcconfig; name = "Pods-WS.debug.xcconfig"; path = "Pods/Target Support Files/Pods-WS/Pods-WS.debug.xcconfig"; sourceTree = "<group>"; };
		A59A2527D808233E52935689 /* Pods_WS.framework */ = {isa = PBXFileReference; explicitFileType = wrapper.framework; includeInIndex = 0; path = Pods_WS.framework; sourceTree = BUILT_PRODUCTS_DIR; };
		A70412F01FD2509700FBE04B /* WS.app */ = {isa = PBXFileReference; explicitFileType = wrapper.application; includeInIndex = 0; path = WS.app; sourceTree = BUILT_PRODUCTS_DIR; };
		A70412F31FD2509700FBE04B /* AppDelegate.swift */ = {isa = PBXFileReference; lastKnownFileType = sourcecode.swift; path = AppDelegate.swift; sourceTree = "<group>"; };
		A70412F51FD2509700FBE04B /* ViewController.swift */ = {isa = PBXFileReference; lastKnownFileType = sourcecode.swift; path = ViewController.swift; sourceTree = "<group>"; };
		A70412F81FD2509700FBE04B /* Base */ = {isa = PBXFileReference; lastKnownFileType = file.storyboard; name = Base; path = Base.lproj/Main.storyboard; sourceTree = "<group>"; };
		A70412FA1FD2509700FBE04B /* Assets.xcassets */ = {isa = PBXFileReference; lastKnownFileType = folder.assetcatalog; path = Assets.xcassets; sourceTree = "<group>"; };
		A70412FD1FD2509700FBE04B /* Base */ = {isa = PBXFileReference; lastKnownFileType = file.storyboard; name = Base; path = Base.lproj/LaunchScreen.storyboard; sourceTree = "<group>"; };
		A70412FF1FD2509800FBE04B /* Info.plist */ = {isa = PBXFileReference; lastKnownFileType = text.plist.xml; path = Info.plist; sourceTree = "<group>"; };
		A70413051FD27ECB00FBE04B /* ServerViewController.swift */ = {isa = PBXFileReference; lastKnownFileType = sourcecode.swift; path = ServerViewController.swift; sourceTree = "<group>"; };
		A70413071FD27ED300FBE04B /* ClientViewController.swift */ = {isa = PBXFileReference; lastKnownFileType = sourcecode.swift; path = ClientViewController.swift; sourceTree = "<group>"; };
		F6649B434905CBA263E01677 /* Pods-WS.release.xcconfig */ = {isa = PBXFileReference; includeInIndex = 1; lastKnownFileType = text.xcconfig; name = "Pods-WS.release.xcconfig"; path = "Pods/Target Support Files/Pods-WS/Pods-WS.release.xcconfig"; sourceTree = "<group>"; };
/* End PBXFileReference section */

/* Begin PBXFrameworksBuildPhase section */
		A70412ED1FD2509700FBE04B /* Frameworks */ = {
			isa = PBXFrameworksBuildPhase;
			buildActionMask = 2147483647;
			files = (
				ABD95D4E1AC3A432AFA23464 /* Pods_WS.framework in Frameworks */,
			);
			runOnlyForDeploymentPostprocessing = 0;
		};
/* End PBXFrameworksBuildPhase section */

/* Begin PBXGroup section */
		172895E2965302B3E0E8F180 /* Pods */ = {
			isa = PBXGroup;
			children = (
				12072D011F7E3F7D176A186D /* Pods-WS.debug.xcconfig */,
				F6649B434905CBA263E01677 /* Pods-WS.release.xcconfig */,
			);
			name = Pods;
			sourceTree = "<group>";
		};
		639E3034058F1DE03A296EBF /* Frameworks */ = {
			isa = PBXGroup;
			children = (
				A59A2527D808233E52935689 /* Pods_WS.framework */,
			);
			name = Frameworks;
			sourceTree = "<group>";
		};
		A70412E71FD2509700FBE04B = {
			isa = PBXGroup;
			children = (
				A70412F21FD2509700FBE04B /* WS */,
				A70412F11FD2509700FBE04B /* Products */,
				172895E2965302B3E0E8F180 /* Pods */,
				639E3034058F1DE03A296EBF /* Frameworks */,
			);
			sourceTree = "<group>";
		};
		A70412F11FD2509700FBE04B /* Products */ = {
			isa = PBXGroup;
			children = (
				A70412F01FD2509700FBE04B /* WS.app */,
			);
			name = Products;
			sourceTree = "<group>";
		};
		A70412F21FD2509700FBE04B /* WS */ = {
			isa = PBXGroup;
			children = (
				A70412F31FD2509700FBE04B /* AppDelegate.swift */,
				A70412F51FD2509700FBE04B /* ViewController.swift */,
				A70413051FD27ECB00FBE04B /* ServerViewController.swift */,
				A70413071FD27ED300FBE04B /* ClientViewController.swift */,
				A70412F71FD2509700FBE04B /* Main.storyboard */,
				A70412FA1FD2509700FBE04B /* Assets.xcassets */,
				A70412FC1FD2509700FBE04B /* LaunchScreen.storyboard */,
				A70412FF1FD2509800FBE04B /* Info.plist */,
			);
			path = WS;
			sourceTree = "<group>";
		};
/* End PBXGroup section */

/* Begin PBXNativeTarget section */
		A70412EF1FD2509700FBE04B /* WS */ = {
			isa = PBXNativeTarget;
			buildConfigurationList = A70413021FD2509800FBE04B /* Build configuration list for PBXNativeTarget "WS" */;
			buildPhases = (
				56470658FDAA60FF01E60421 /* [CP] Check Pods Manifest.lock */,
				A70412EC1FD2509700FBE04B /* Sources */,
				A70412ED1FD2509700FBE04B /* Frameworks */,
				A70412EE1FD2509700FBE04B /* Resources */,
				12BC7D90B4C8CB4DDAB4E2E8 /* [CP] Embed Pods Frameworks */,
				BFBBE3ACB6E49AEEB7D06473 /* [CP] Copy Pods Resources */,
			);
			buildRules = (
			);
			dependencies = (
			);
			name = WS;
			productName = WS;
			productReference = A70412F01FD2509700FBE04B /* WS.app */;
			productType = "com.apple.product-type.application";
		};
/* End PBXNativeTarget section */

/* Begin PBXProject section */
		A70412E81FD2509700FBE04B /* Project object */ = {
			isa = PBXProject;
			attributes = {
				LastSwiftUpdateCheck = 0910;
				LastUpgradeCheck = 0910;
				ORGANIZATIONNAME = lzackx;
				TargetAttributes = {
					A70412EF1FD2509700FBE04B = {
						CreatedOnToolsVersion = 9.1;
						ProvisioningStyle = Automatic;
					};
				};
			};
			buildConfigurationList = A70412EB1FD2509700FBE04B /* Build configuration list for PBXProject "WS" */;
			compatibilityVersion = "Xcode 8.0";
			developmentRegion = en;
			hasScannedForEncodings = 0;
			knownRegions = (
				en,
				Base,
			);
			mainGroup = A70412E71FD2509700FBE04B;
			productRefGroup = A70412F11FD2509700FBE04B /* Products */;
			projectDirPath = "";
			projectRoot = "";
			targets = (
				A70412EF1FD2509700FBE04B /* WS */,
			);
		};
/* End PBXProject section */

/* Begin PBXResourcesBuildPhase section */
		A70412EE1FD2509700FBE04B /* Resources */ = {
			isa = PBXResourcesBuildPhase;
			buildActionMask = 2147483647;
			files = (
				A70412FE1FD2509700FBE04B /* LaunchScreen.storyboard in Resources */,
				A70412FB1FD2509700FBE04B /* Assets.xcassets in Resources */,
				A70412F91FD2509700FBE04B /* Main.storyboard in Resources */,
			);
			runOnlyForDeploymentPostprocessing = 0;
		};
/* End PBXResourcesBuildPhase section */

/* Begin PBXShellScriptBuildPhase section */
		12BC7D90B4C8CB4DDAB4E2E8 /* [CP] Embed Pods Frameworks */ = {
			isa = PBXShellScriptBuildPhase;
			buildActionMask = 2147483647;
			files = (
			);
			inputPaths = (
				"${SRCROOT}/Pods/Target Support Files/Pods-WS/Pods-WS-frameworks.sh",
				"${BUILT_PRODUCTS_DIR}/CocoaAsyncSocket/CocoaAsyncSocket.framework",
			);
			name = "[CP] Embed Pods Frameworks";
			outputPaths = (
				"${TARGET_BUILD_DIR}/${FRAMEWORKS_FOLDER_PATH}/CocoaAsyncSocket.framework",
			);
			runOnlyForDeploymentPostprocessing = 0;
			shellPath = /bin/sh;
			shellScript = "\"${SRCROOT}/Pods/Target Support Files/Pods-WS/Pods-WS-frameworks.sh\"\n";
			showEnvVarsInLog = 0;
		};
		56470658FDAA60FF01E60421 /* [CP] Check Pods Manifest.lock */ = {
			isa = PBXShellScriptBuildPhase;
			buildActionMask = 2147483647;
			files = (
			);
			inputPaths = (
				"${PODS_PODFILE_DIR_PATH}/Podfile.lock",
				"${PODS_ROOT}/Manifest.lock",
			);
			name = "[CP] Check Pods Manifest.lock";
			outputPaths = (
				"$(DERIVED_FILE_DIR)/Pods-WS-checkManifestLockResult.txt",
			);
			runOnlyForDeploymentPostprocessing = 0;
			shellPath = /bin/sh;
			shellScript = "diff \"${PODS_PODFILE_DIR_PATH}/Podfile.lock\" \"${PODS_ROOT}/Manifest.lock\" > /dev/null\nif [ $? != 0 ] ; then\n    # print error to STDERR\n    echo \"error: The sandbox is not in sync with the Podfile.lock. Run 'pod install' or update your CocoaPods installation.\" >&2\n    exit 1\nfi\n# This output is used by Xcode 'outputs' to avoid re-running this script phase.\necho \"SUCCESS\" > \"${SCRIPT_OUTPUT_FILE_0}\"\n";
			showEnvVarsInLog = 0;
		};
		BFBBE3ACB6E49AEEB7D06473 /* [CP] Copy Pods Resources */ = {
			isa = PBXShellScriptBuildPhase;
			buildActionMask = 2147483647;
			files = (
			);
			inputPaths = (
			);
			name = "[CP] Copy Pods Resources";
			outputPaths = (
			);
			runOnlyForDeploymentPostprocessing = 0;
			shellPath = /bin/sh;
			shellScript = "\"${SRCROOT}/Pods/Target Support Files/Pods-WS/Pods-WS-resources.sh\"\n";
			showEnvVarsInLog = 0;
		};
/* End PBXShellScriptBuildPhase section */

/* Begin PBXSourcesBuildPhase section */
		A70412EC1FD2509700FBE04B /* Sources */ = {
			isa = PBXSourcesBuildPhase;
			buildActionMask = 2147483647;
			files = (
				A70413061FD27ECB00FBE04B /* ServerViewController.swift in Sources */,
				A70412F61FD2509700FBE04B /* ViewController.swift in Sources */,
				A70412F41FD2509700FBE04B /* AppDelegate.swift in Sources */,
				A70413081FD27ED300FBE04B /* ClientViewController.swift in Sources */,
			);
			runOnlyForDeploymentPostprocessing = 0;
		};
/* End PBXSourcesBuildPhase section */

/* Begin PBXVariantGroup section */
		A70412F71FD2509700FBE04B /* Main.storyboard */ = {
			isa = PBXVariantGroup;
			children = (
				A70412F81FD2509700FBE04B /* Base */,
			);
			name = Main.storyboard;
			sourceTree = "<group>";
		};
		A70412FC1FD2509700FBE04B /* LaunchScreen.storyboard */ = {
			isa = PBXVariantGroup;
			children = (
				A70412FD1FD2509700FBE04B /* Base */,
			);
			name = LaunchScreen.storyboard;
			sourceTree = "<group>";
		};
/* End PBXVariantGroup section */

/* Begin XCBuildConfiguration section */
		A70413001FD2509800FBE04B /* Debug */ = {
			isa = XCBuildConfiguration;
			buildSettings = {
				ALWAYS_SEARCH_USER_PATHS = NO;
				CLANG_ANALYZER_NONNULL = YES;
				CLANG_ANALYZER_NUMBER_OBJECT_CONVERSION = YES_AGGRESSIVE;
				CLANG_CXX_LANGUAGE_STANDARD = "gnu++14";
				CLANG_CXX_LIBRARY = "libc++";
				CLANG_ENABLE_MODULES = YES;
				CLANG_ENABLE_OBJC_ARC = YES;
				CLANG_WARN_BLOCK_CAPTURE_AUTORELEASING = YES;
				CLANG_WARN_BOOL_CONVERSION = YES;
				CLANG_WARN_COMMA = YES;
				CLANG_WARN_CONSTANT_CONVERSION = YES;
				CLANG_WARN_DIRECT_OBJC_ISA_USAGE = YES_ERROR;
				CLANG_WARN_DOCUMENTATION_COMMENTS = YES;
				CLANG_WARN_EMPTY_BODY = YES;
				CLANG_WARN_ENUM_CONVERSION = YES;
				CLANG_WARN_INFINITE_RECURSION = YES;
				CLANG_WARN_INT_CONVERSION = YES;
				CLANG_WARN_NON_LITERAL_NULL_CONVERSION = YES;
				CLANG_WARN_OBJC_LITERAL_CONVERSION = YES;
				CLANG_WARN_OBJC_ROOT_CLASS = YES_ERROR;
				CLANG_WARN_RANGE_LOOP_ANALYSIS = YES;
				CLANG_WARN_STRICT_PROTOTYPES = YES;
				CLANG_WARN_SUSPICIOUS_MOVE = YES;
				CLANG_WARN_UNGUARDED_AVAILABILITY = YES_AGGRESSIVE;
				CLANG_WARN_UNREACHABLE_CODE = YES;
				CLANG_WARN__DUPLICATE_METHOD_MATCH = YES;
				CODE_SIGN_IDENTITY = "iPhone Developer";
				COPY_PHASE_STRIP = NO;
				DEBUG_INFORMATION_FORMAT = dwarf;
				ENABLE_STRICT_OBJC_MSGSEND = YES;
				ENABLE_TESTABILITY = YES;
				GCC_C_LANGUAGE_STANDARD = gnu11;
				GCC_DYNAMIC_NO_PIC = NO;
				GCC_NO_COMMON_BLOCKS = YES;
				GCC_OPTIMIZATION_LEVEL = 0;
				GCC_PREPROCESSOR_DEFINITIONS = (
					"DEBUG=1",
					"$(inherited)",
				);
				GCC_WARN_64_TO_32_BIT_CONVERSION = YES;
				GCC_WARN_ABOUT_RETURN_TYPE = YES_ERROR;
				GCC_WARN_UNDECLARED_SELECTOR = YES;
				GCC_WARN_UNINITIALIZED_AUTOS = YES_AGGRESSIVE;
				GCC_WARN_UNUSED_FUNCTION = YES;
				GCC_WARN_UNUSED_VARIABLE = YES;
				IPHONEOS_DEPLOYMENT_TARGET = 9.0;
				MTL_ENABLE_DEBUG_INFO = YES;
				ONLY_ACTIVE_ARCH = YES;
				SDKROOT = iphoneos;
				SWIFT_ACTIVE_COMPILATION_CONDITIONS = DEBUG;
				SWIFT_OPTIMIZATION_LEVEL = "-Onone";
			};
			name = Debug;
		};
		A70413011FD2509800FBE04B /* Release */ = {
			isa = XCBuildConfiguration;
			buildSettings = {
				ALWAYS_SEARCH_USER_PATHS = NO;
				CLANG_ANALYZER_NONNULL = YES;
				CLANG_ANALYZER_NUMBER_OBJECT_CONVERSION = YES_AGGRESSIVE;
				CLANG_CXX_LANGUAGE_STANDARD = "gnu++14";
				CLANG_CXX_LIBRARY = "libc++";
				CLANG_ENABLE_MODULES = YES;
				CLANG_ENABLE_OBJC_ARC = YES;
				CLANG_WARN_BLOCK_CAPTURE_AUTORELEASING = YES;
				CLANG_WARN_BOOL_CONVERSION = YES;
				CLANG_WARN_COMMA = YES;
				CLANG_WARN_CONSTANT_CONVERSION = YES;
				CLANG_WARN_DIRECT_OBJC_ISA_USAGE = YES_ERROR;
				CLANG_WARN_DOCUMENTATION_COMMENTS = YES;
				CLANG_WARN_EMPTY_BODY = YES;
				CLANG_WARN_ENUM_CONVERSION = YES;
				CLANG_WARN_INFINITE_RECURSION = YES;
				CLANG_WARN_INT_CONVERSION = YES;
				CLANG_WARN_NON_LITERAL_NULL_CONVERSION = YES;
				CLANG_WARN_OBJC_LITERAL_CONVERSION = YES;
				CLANG_WARN_OBJC_ROOT_CLASS = YES_ERROR;
				CLANG_WARN_RANGE_LOOP_ANALYSIS = YES;
				CLANG_WARN_STRICT_PROTOTYPES = YES;
				CLANG_WARN_SUSPICIOUS_MOVE = YES;
				CLANG_WARN_UNGUARDED_AVAILABILITY = YES_AGGRESSIVE;
				CLANG_WARN_UNREACHABLE_CODE = YES;
				CLANG_WARN__DUPLICATE_METHOD_MATCH = YES;
				CODE_SIGN_IDENTITY = "iPhone Developer";
				COPY_PHASE_STRIP = NO;
				DEBUG_INFORMATION_FORMAT = "dwarf-with-dsym";
				ENABLE_NS_ASSERTIONS = NO;
				ENABLE_STRICT_OBJC_MSGSEND = YES;
				GCC_C_LANGUAGE_STANDARD = gnu11;
				GCC_NO_COMMON_BLOCKS = YES;
				GCC_WARN_64_TO_32_BIT_CONVERSION = YES;
				GCC_WARN_ABOUT_RETURN_TYPE = YES_ERROR;
				GCC_WARN_UNDECLARED_SELECTOR = YES;
				GCC_WARN_UNINITIALIZED_AUTOS = YES_AGGRESSIVE;
				GCC_WARN_UNUSED_FUNCTION = YES;
				GCC_WARN_UNUSED_VARIABLE = YES;
				IPHONEOS_DEPLOYMENT_TARGET = 9.0;
				MTL_ENABLE_DEBUG_INFO = NO;
				SDKROOT = iphoneos;
				SWIFT_OPTIMIZATION_LEVEL = "-Owholemodule";
				VALIDATE_PRODUCT = YES;
			};
			name = Release;
		};
		A70413031FD2509800FBE04B /* Debug */ = {
			isa = XCBuildConfiguration;
			baseConfigurationReference = 12072D011F7E3F7D176A186D /* Pods-WS.debug.xcconfig */;
			buildSettings = {
				ASSETCATALOG_COMPILER_APPICON_NAME = AppIcon;
				CODE_SIGN_STYLE = Automatic;
				DEVELOPMENT_TEAM = "";
				INFOPLIST_FILE = WS/Info.plist;
				LD_RUNPATH_SEARCH_PATHS = "$(inherited) @executable_path/Frameworks";
				PRODUCT_BUNDLE_IDENTIFIER = com.lzackx.WS;
				PRODUCT_NAME = "$(TARGET_NAME)";
				SWIFT_VERSION = 4.0;
				TARGETED_DEVICE_FAMILY = "1,2";
			};
			name = Debug;
		};
		A70413041FD2509800FBE04B /* Release */ = {
			isa = XCBuildConfiguration;
			baseConfigurationReference = F6649B434905CBA263E01677 /* Pods-WS.release.xcconfig */;
			buildSettings = {
				ASSETCATALOG_COMPILER_APPICON_NAME = AppIcon;
				CODE_SIGN_STYLE = Automatic;
				DEVELOPMENT_TEAM = "";
				INFOPLIST_FILE = WS/Info.plist;
				LD_RUNPATH_SEARCH_PATHS = "$(inherited) @executable_path/Frameworks";
				PRODUCT_BUNDLE_IDENTIFIER = com.lzackx.WS;
				PRODUCT_NAME = "$(TARGET_NAME)";
				SWIFT_VERSION = 4.0;
				TARGETED_DEVICE_FAMILY = "1,2";
			};
			name = Release;
		};
/* End XCBuildConfiguration section */

/* Begin XCConfigurationList section */
		A70412EB1FD2509700FBE04B /* Build configuration list for PBXProject "WS" */ = {
			isa = XCConfigurationList;
			buildConfigurations = (
				A70413001FD2509800FBE04B /* Debug */,
				A70413011FD2509800FBE04B /* Release */,
			);
			defaultConfigurationIsVisible = 0;
			defaultConfigurationName = Release;
		};
		A70413021FD2509800FBE04B /* Build configuration list for PBXNativeTarget "WS" */ = {
			isa = XCConfigurationList;
			buildConfigurations = (
				A70413031FD2509800FBE04B /* Debug */,
				A70413041FD2509800FBE04B /* Release */,
			);
			defaultConfigurationIsVisible = 0;
			defaultConfigurationName = Release;
		};
/* End XCConfigurationList section */
	};
	rootObject = A70412E81FD2509700FBE04B /* Project object */;
}
